PODS:
  - Alamofire (4.7.3)
  - AlamofireObjectMapper (5.1.0):
    - Alamofire (~> 4.1)
    - ObjectMapper (~> 3.3)
  - HTTPStatusCodes (3.2.0)
  - Nimble (7.1.3)
  - ObjectMapper (3.3.0)
  - PromiseKit (6.4.0):
    - PromiseKit/CorePromise (= 6.4.0)
    - PromiseKit/Foundation (= 6.4.0)
    - PromiseKit/UIKit (= 6.4.0)
  - PromiseKit/CorePromise (6.4.0)
  - PromiseKit/Foundation (6.4.0):
    - PromiseKit/CorePromise
  - PromiseKit/UIKit (6.4.0):
    - PromiseKit/CorePromise
  - Quick (1.3.1)
  - SwiftyJSON (4.1.0)

DEPENDENCIES:
  - Alamofire (= 4.7.3)
  - AlamofireObjectMapper (= 5.1.0)
  - HTTPStatusCodes (= 3.2.0)
  - Nimble (= 7.1.3)
  - PromiseKit (= 6.4.0)
  - Quick (= 1.3.1)
  - SwiftyJSON (= 4.1.0)

SPEC REPOS:
  https://github.com/cocoapods/specs.git:
    - Alamofire
    - AlamofireObjectMapper
    - HTTPStatusCodes
    - Nimble
    - ObjectMapper
    - PromiseKit
    - Quick
    - SwiftyJSON

SPEC CHECKSUMS:
  Alamofire: c7287b6e5d7da964a70935e5db17046b7fde6568
  AlamofireObjectMapper: 3395e698901d8b0e6f48b7d0c43bd47875325102
  HTTPStatusCodes: 69f50d229c4b5d6dcb48fad9c86e32ded975bcd3
  Nimble: 2839b01d1b31f6a6a7777a221f0d91cf52e8e27b
  ObjectMapper: b612bf8c8e99c4dc0bb6013a51f7c27966ed5da9
  PromiseKit: ae3616f45d7bb9bf4ff1e91abc9b7a8c48a340e0
  Quick: d17304d58d0d169dd0bd1c6e5c28e3318de32a1a
  SwiftyJSON: c29297daf073d2aa016295d5809cdd68045c39b3

PODFILE CHECKSUM: f30156edb81814f25811f8e67ac2e85b69c7590f

COCOAPODS: 1.5.3
